{
  "name": "live-route-tracker",
  "version": "1.0.0",
  "lockfileVersion": 2,
  "requires": true,
  "packages": {
    "": {
      "name": "live-route-tracker",
      "version": "1.0.0",
      "dependencies": {
        "node-fetch": "^2.6.7"
      }
    },
    "node_modules/node-fetch": {
      "version": "2.6.7",
      "resolved": "https://registry.npmjs.org/node-fetch/-/node-fetch-2.6.7.tgz",
      "integrity": "sha512-…",
      "dependencies": {
        "fbjs": "^0.8.17"
      }
    },
    "node_modules/fbjs": {
      "version": "0.8.17",
      "resolved": "https://registry.npmjs.org/fbjs/-/fbjs-0.8.17.tgz",
      "integrity": "sha512-…"
    }
  },
  "dependencies": {
    "node-fetch": {
      "version": "2.6.7",
      "resolved": "https://registry.npmjs.org/node-fetch/-/node-fetch-2.6.7.tgz",
      "integrity": "sha512-…",
      "requires": {
        "fbjs": "^0.8.17"
      }
    }
  }
}
